
Microsoft Visual Studio Solution File, Format Version 12.00
# Visual Studio Version 16
VisualStudioVersion = 16.0.28922.388
MinimumVisualStudioVersion = 10.0.40219.1
Project("{9A19103F-16F7-4668-BE54-9A1E7A4F7556}") = "ElectionResults.Core", "ElectionResults.Core\ElectionResults.Core.csproj", "{F003579E-7070-454C-A8D0-CFEECEED035C}"
EndProject
Project("{9A19103F-16F7-4668-BE54-9A1E7A4F7556}") = "ElectionResults.Tests", "..\tests\ElectionResults.Tests\ElectionResults.Tests.csproj", "{E2526F35-03E9-4765-9EC8-40FE708F3181}"
EndProject
Project("{9A19103F-16F7-4668-BE54-9A1E7A4F7556}") = "ElectionResults.WebApi", "ElectionResults.WebApi\ElectionResults.WebApi.csproj", "{49727C78-DFF0-4834-B8AD-1DEFC8D97205}"
EndProject
Project("{2150E333-8FDC-42A3-9474-1A3956D46DE8}") = "Solution Items", "Solution Items", "{CCD7C6AF-DEEF-4CE6-A60C-F407A79E6364}"
	ProjectSection(SolutionItems) = preProject
		..\README.md = ..\README.md
	EndProjectSection
EndProject
Global
	GlobalSection(SolutionConfigurationPlatforms) = preSolution
		Debug|Any CPU = Debug|Any CPU
		Release|Any CPU = Release|Any CPU
	EndGlobalSection
	GlobalSection(ProjectConfigurationPlatforms) = postSolution
		{F003579E-7070-454C-A8D0-CFEECEED035C}.Debug|Any CPU.ActiveCfg = Debug|Any CPU
		{F003579E-7070-454C-A8D0-CFEECEED035C}.Debug|Any CPU.Build.0 = Debug|Any CPU
		{F003579E-7070-454C-A8D0-CFEECEED035C}.Release|Any CPU.ActiveCfg = Release|Any CPU
		{F003579E-7070-454C-A8D0-CFEECEED035C}.Release|Any CPU.Build.0 = Release|Any CPU
		{E2526F35-03E9-4765-9EC8-40FE708F3181}.Debug|Any CPU.ActiveCfg = Debug|Any CPU
		{E2526F35-03E9-4765-9EC8-40FE708F3181}.Debug|Any CPU.Build.0 = Debug|Any CPU
		{E2526F35-03E9-4765-9EC8-40FE708F3181}.Release|Any CPU.ActiveCfg = Release|Any CPU
		{E2526F35-03E9-4765-9EC8-40FE708F3181}.Release|Any CPU.Build.0 = Release|Any CPU
		{49727C78-DFF0-4834-B8AD-1DEFC8D97205}.Debug|Any CPU.ActiveCfg = Debug|Any CPU
		{49727C78-DFF0-4834-B8AD-1DEFC8D97205}.Debug|Any CPU.Build.0 = Debug|Any CPU
		{49727C78-DFF0-4834-B8AD-1DEFC8D97205}.Release|Any CPU.ActiveCfg = Release|Any CPU
		{49727C78-DFF0-4834-B8AD-1DEFC8D97205}.Release|Any CPU.Build.0 = Release|Any CPU
	EndGlobalSection
	GlobalSection(SolutionProperties) = preSolution
		HideSolutionNode = FALSE
	EndGlobalSection
	GlobalSection(ExtensibilityGlobals) = postSolution
		SolutionGuid = {CCCA28B5-9CBA-42D4-9488-782D61A203A8}
	EndGlobalSection
EndGlobal
